// !$*UTF8*$!
{
	archiveVersion = 1;
	classes = {
	};
	objectVersion = 46;
	objects = {

/* Begin PBXBuildFile section */
		8C9C970C1FC56C720015E0F3 /* AppDelegate.swift in Sources */ = {isa = PBXBuildFile; fileRef = 8C9C970B1FC56C720015E0F3 /* AppDelegate.swift */; };
		8C9C970E1FC56C720015E0F3 /* ViewController.swift in Sources */ = {isa = PBXBuildFile; fileRef = 8C9C970D1FC56C720015E0F3 /* ViewController.swift */; };
		8C9C97111FC56C720015E0F3 /* Main.storyboard in Resources */ = {isa = PBXBuildFile; fileRef = 8C9C970F1FC56C720015E0F3 /* Main.storyboard */; };
		8C9C97131FC56C720015E0F3 /* Assets.xcassets in Resources */ = {isa = PBXBuildFile; fileRef = 8C9C97121FC56C720015E0F3 /* Assets.xcassets */; };
		8C9C97161FC56C720015E0F3 /* LaunchScreen.storyboard in Resources */ = {isa = PBXBuildFile; fileRef = 8C9C97141FC56C720015E0F3 /* LaunchScreen.storyboard */; };
		8C9C97211FC56C720015E0F3 /* PokeFinderTests.swift in Sources */ = {isa = PBXBuildFile; fileRef = 8C9C97201FC56C720015E0F3 /* PokeFinderTests.swift */; };
/* End PBXBuildFile section */

/* Begin PBXContainerItemProxy section */
		8C9C971D1FC56C720015E0F3 /* PBXContainerItemProxy */ = {
			isa = PBXContainerItemProxy;
			containerPortal = 8C9C97001FC56C720015E0F3 /* Project object */;
			proxyType = 1;
			remoteGlobalIDString = 8C9C97071FC56C720015E0F3;
			remoteInfo = PokeFinder;
		};
/* End PBXContainerItemProxy section */

/* Begin PBXFileReference section */
		8C9C97081FC56C720015E0F3 /* PokeFinder.app */ = {isa = PBXFileReference; explicitFileType = wrapper.application; includeInIndex = 0; path = PokeFinder.app; sourceTree = BUILT_PRODUCTS_DIR; };
		8C9C970B1FC56C720015E0F3 /* AppDelegate.swift */ = {isa = PBXFileReference; lastKnownFileType = sourcecode.swift; path = AppDelegate.swift; sourceTree = "<group>"; };
		8C9C970D1FC56C720015E0F3 /* ViewController.swift */ = {isa = PBXFileReference; lastKnownFileType = sourcecode.swift; path = ViewController.swift; sourceTree = "<group>"; };
		8C9C97101FC56C720015E0F3 /* Base */ = {isa = PBXFileReference; lastKnownFileType = file.storyboard; name = Base; path = Base.lproj/Main.storyboard; sourceTree = "<group>"; };
		8C9C97121FC56C720015E0F3 /* Assets.xcassets */ = {isa = PBXFileReference; lastKnownFileType = folder.assetcatalog; path = Assets.xcassets; sourceTree = "<group>"; };
		8C9C97151FC56C720015E0F3 /* Base */ = {isa = PBXFileReference; lastKnownFileType = file.storyboard; name = Base; path = Base.lproj/LaunchScreen.storyboard; sourceTree = "<group>"; };
		8C9C97171FC56C720015E0F3 /* Info.plist */ = {isa = PBXFileReference; lastKnownFileType = text.plist.xml; path = Info.plist; sourceTree = "<group>"; };
		8C9C971C1FC56C720015E0F3 /* PokeFinderTests.xctest */ = {isa = PBXFileReference; explicitFileType = wrapper.cfbundle; includeInIndex = 0; path = PokeFinderTests.xctest; sourceTree = BUILT_PRODUCTS_DIR; };
		8C9C97201FC56C720015E0F3 /* PokeFinderTests.swift */ = {isa = PBXFileReference; lastKnownFileType = sourcecode.swift; path = PokeFinderTests.swift; sourceTree = "<group>"; };
		8C9C97221FC56C720015E0F3 /* Info.plist */ = {isa = PBXFileReference; lastKnownFileType = text.plist.xml; path = Info.plist; sourceTree = "<group>"; };
/* End PBXFileReference section */

/* Begin PBXFrameworksBuildPhase section */
		8C9C97051FC56C720015E0F3 /* Frameworks */ = {
			isa = PBXFrameworksBuildPhase;
			buildActionMask = 2147483647;
			files = (
			);
			runOnlyForDeploymentPostprocessing = 0;
		};
		8C9C97191FC56C720015E0F3 /* Frameworks */ = {
			isa = PBXFrameworksBuildPhase;
			buildActionMask = 2147483647;
			files = (
			);
			runOnlyForDeploymentPostprocessing = 0;
		};
/* End PBXFrameworksBuildPhase section */

/* Begin PBXGroup section */
		8C9C96FF1FC56C720015E0F3 = {
			isa = PBXGroup;
			children = (
				8C9C970A1FC56C720015E0F3 /* PokeFinder */,
				8C9C971F1FC56C720015E0F3 /* PokeFinderTests */,
				8C9C97091FC56C720015E0F3 /* Products */,
			);
			sourceTree = "<group>";
		};
		8C9C97091FC56C720015E0F3 /* Products */ = {
			isa = PBXGroup;
			children = (
				8C9C97081FC56C720015E0F3 /* PokeFinder.app */,
				8C9C971C1FC56C720015E0F3 /* PokeFinderTests.xctest */,
			);
			name = Products;
			sourceTree = "<group>";
		};
		8C9C970A1FC56C720015E0F3 /* PokeFinder */ = {
			isa = PBXGroup;
			children = (
				8C9C970B1FC56C720015E0F3 /* AppDelegate.swift */,
				8C9C970D1FC56C720015E0F3 /* ViewController.swift */,
				8C9C970F1FC56C720015E0F3 /* Main.storyboard */,
				8C9C97121FC56C720015E0F3 /* Assets.xcassets */,
				8C9C97141FC56C720015E0F3 /* LaunchScreen.storyboard */,
				8C9C97171FC56C720015E0F3 /* Info.plist */,
			);
			path = PokeFinder;
			sourceTree = "<group>";
		};
		8C9C971F1FC56C720015E0F3 /* PokeFinderTests */ = {
			isa = PBXGroup;
			children = (
				8C9C97201FC56C720015E0F3 /* PokeFinderTests.swift */,
				8C9C97221FC56C720015E0F3 /* Info.plist */,
			);
			path = PokeFinderTests;
			sourceTree = "<group>";
		};
/* End PBXGroup section */

/* Begin PBXNativeTarget section */
		8C9C97071FC56C720015E0F3 /* PokeFinder */ = {
			isa = PBXNativeTarget;
			buildConfigurationList = 8C9C97251FC56C720015E0F3 /* Build configuration list for PBXNativeTarget "PokeFinder" */;
			buildPhases = (
				8C9C97041FC56C720015E0F3 /* Sources */,
				8C9C97051FC56C720015E0F3 /* Frameworks */,
				8C9C97061FC56C720015E0F3 /* Resources */,
			);
			buildRules = (
			);
			dependencies = (
			);
			name = PokeFinder;
			productName = PokeFinder;
			productReference = 8C9C97081FC56C720015E0F3 /* PokeFinder.app */;
			productType = "com.apple.product-type.application";
		};
		8C9C971B1FC56C720015E0F3 /* PokeFinderTests */ = {
			isa = PBXNativeTarget;
			buildConfigurationList = 8C9C97281FC56C720015E0F3 /* Build configuration list for PBXNativeTarget "PokeFinderTests" */;
			buildPhases = (
				8C9C97181FC56C720015E0F3 /* Sources */,
				8C9C97191FC56C720015E0F3 /* Frameworks */,
				8C9C971A1FC56C720015E0F3 /* Resources */,
			);
			buildRules = (
			);
			dependencies = (
				8C9C971E1FC56C720015E0F3 /* PBXTargetDependency */,
			);
			name = PokeFinderTests;
			productName = PokeFinderTests;
			productReference = 8C9C971C1FC56C720015E0F3 /* PokeFinderTests.xctest */;
			productType = "com.apple.product-type.bundle.unit-test";
		};
/* End PBXNativeTarget section */

/* Begin PBXProject section */
		8C9C97001FC56C720015E0F3 /* Project object */ = {
			isa = PBXProject;
			attributes = {
				LastSwiftUpdateCheck = 0830;
				LastUpgradeCheck = 0830;
				ORGANIZATIONNAME = "呂易軒";
				TargetAttributes = {
					8C9C97071FC56C720015E0F3 = {
						CreatedOnToolsVersion = 8.3.3;
						DevelopmentTeam = LMNXHHZE26;
						ProvisioningStyle = Automatic;
					};
					8C9C971B1FC56C720015E0F3 = {
						CreatedOnToolsVersion = 8.3.3;
						DevelopmentTeam = LMNXHHZE26;
						ProvisioningStyle = Automatic;
						TestTargetID = 8C9C97071FC56C720015E0F3;
					};
				};
			};
			buildConfigurationList = 8C9C97031FC56C720015E0F3 /* Build configuration list for PBXProject "PokeFinder" */;
			compatibilityVersion = "Xcode 3.2";
			developmentRegion = English;
			hasScannedForEncodings = 0;
			knownRegions = (
				en,
				Base,
			);
			mainGroup = 8C9C96FF1FC56C720015E0F3;
			productRefGroup = 8C9C97091FC56C720015E0F3 /* Products */;
			projectDirPath = "";
			projectRoot = "";
			targets = (
				8C9C97071FC56C720015E0F3 /* PokeFinder */,
				8C9C971B1FC56C720015E0F3 /* PokeFinderTests */,
			);
		};
/* End PBXProject section */

/* Begin PBXResourcesBuildPhase section */
		8C9C97061FC56C720015E0F3 /* Resources */ = {
			isa = PBXResourcesBuildPhase;
			buildActionMask = 2147483647;
			files = (
				8C9C97161FC56C720015E0F3 /* LaunchScreen.storyboard in Resources */,
				8C9C97131FC56C720015E0F3 /* Assets.xcassets in Resources */,
				8C9C97111FC56C720015E0F3 /* Main.storyboard in Resources */,
			);
			runOnlyForDeploymentPostprocessing = 0;
		};
		8C9C971A1FC56C720015E0F3 /* Resources */ = {
			isa = PBXResourcesBuildPhase;
			buildActionMask = 2147483647;
			files = (
			);
			runOnlyForDeploymentPostprocessing = 0;
		};
/* End PBXResourcesBuildPhase section */

/* Begin PBXSourcesBuildPhase section */
		8C9C97041FC56C720015E0F3 /* Sources */ = {
			isa = PBXSourcesBuildPhase;
			buildActionMask = 2147483647;
			files = (
				8C9C970E1FC56C720015E0F3 /* ViewController.swift in Sources */,
				8C9C970C1FC56C720015E0F3 /* AppDelegate.swift in Sources */,
			);
			runOnlyForDeploymentPostprocessing = 0;
		};
		8C9C97181FC56C720015E0F3 /* Sources */ = {
			isa = PBXSourcesBuildPhase;
			buildActionMask = 2147483647;
			files = (
				8C9C97211FC56C720015E0F3 /* PokeFinderTests.swift in Sources */,
			);
			runOnlyForDeploymentPostprocessing = 0;
		};
/* End PBXSourcesBuildPhase section */

/* Begin PBXTargetDependency section */
		8C9C971E1FC56C720015E0F3 /* PBXTargetDependency */ = {
			isa = PBXTargetDependency;
			target = 8C9C97071FC56C720015E0F3 /* PokeFinder */;
			targetProxy = 8C9C971D1FC56C720015E0F3 /* PBXContainerItemProxy */;
		};
/* End PBXTargetDependency section */

/* Begin PBXVariantGroup section */
		8C9C970F1FC56C720015E0F3 /* Main.storyboard */ = {
			isa = PBXVariantGroup;
			children = (
				8C9C97101FC56C720015E0F3 /* Base */,
			);
			name = Main.storyboard;
			sourceTree = "<group>";
		};
		8C9C97141FC56C720015E0F3 /* LaunchScreen.storyboard */ = {
			isa = PBXVariantGroup;
			children = (
				8C9C97151FC56C720015E0F3 /* Base */,
			);
			name = LaunchScreen.storyboard;
			sourceTree = "<group>";
		};
/* End PBXVariantGroup section */

/* Begin XCBuildConfiguration section */
		8C9C97231FC56C720015E0F3 /* Debug */ = {
			isa = XCBuildConfiguration;
			buildSettings = {
				ALWAYS_SEARCH_USER_PATHS = NO;
				CLANG_ANALYZER_NONNULL = YES;
				CLANG_ANALYZER_NUMBER_OBJECT_CONVERSION = YES_AGGRESSIVE;
				CLANG_CXX_LANGUAGE_STANDARD = "gnu++0x";
				CLANG_CXX_LIBRARY = "libc++";
				CLANG_ENABLE_MODULES = YES;
				CLANG_ENABLE_OBJC_ARC = YES;
				CLANG_WARN_BOOL_CONVERSION = YES;
				CLANG_WARN_CONSTANT_CONVERSION = YES;
				CLANG_WARN_DIRECT_OBJC_ISA_USAGE = YES_ERROR;
				CLANG_WARN_DOCUMENTATION_COMMENTS = YES;
				CLANG_WARN_EMPTY_BODY = YES;
				CLANG_WARN_ENUM_CONVERSION = YES;
				CLANG_WARN_INFINITE_RECURSION = YES;
				CLANG_WARN_INT_CONVERSION = YES;
				CLANG_WARN_OBJC_ROOT_CLASS = YES_ERROR;
				CLANG_WARN_SUSPICIOUS_MOVE = YES;
				CLANG_WARN_UNREACHABLE_CODE = YES;
				CLANG_WARN__DUPLICATE_METHOD_MATCH = YES;
				"CODE_SIGN_IDENTITY[sdk=iphoneos*]" = "iPhone Developer";
				COPY_PHASE_STRIP = NO;
				DEBUG_INFORMATION_FORMAT = dwarf;
				ENABLE_STRICT_OBJC_MSGSEND = YES;
				ENABLE_TESTABILITY = YES;
				GCC_C_LANGUAGE_STANDARD = gnu99;
				GCC_DYNAMIC_NO_PIC = NO;
				GCC_NO_COMMON_BLOCKS = YES;
				GCC_OPTIMIZATION_LEVEL = 0;
				GCC_PREPROCESSOR_DEFINITIONS = (
					"DEBUG=1",
					"$(inherited)",
				);
				GCC_WARN_64_TO_32_BIT_CONVERSION = YES;
				GCC_WARN_ABOUT_RETURN_TYPE = YES_ERROR;
				GCC_WARN_UNDECLARED_SELECTOR = YES;
				GCC_WARN_UNINITIALIZED_AUTOS = YES_AGGRESSIVE;
				GCC_WARN_UNUSED_FUNCTION = YES;
				GCC_WARN_UNUSED_VARIABLE = YES;
				IPHONEOS_DEPLOYMENT_TARGET = 10.3;
				MTL_ENABLE_DEBUG_INFO = YES;
				ONLY_ACTIVE_ARCH = YES;
				SDKROOT = iphoneos;
				SWIFT_ACTIVE_COMPILATION_CONDITIONS = DEBUG;
				SWIFT_OPTIMIZATION_LEVEL = "-Onone";
				TARGETED_DEVICE_FAMILY = "1,2";
			};
			name = Debug;
		};
		8C9C97241FC56C720015E0F3 /* Release */ = {
			isa = XCBuildConfiguration;
			buildSettings = {
				ALWAYS_SEARCH_USER_PATHS = NO;
				CLANG_ANALYZER_NONNULL = YES;
				CLANG_ANALYZER_NUMBER_OBJECT_CONVERSION = YES_AGGRESSIVE;
				CLANG_CXX_LANGUAGE_STANDARD = "gnu++0x";
				CLANG_CXX_LIBRARY = "libc++";
				CLANG_ENABLE_MODULES = YES;
				CLANG_ENABLE_OBJC_ARC = YES;
				CLANG_WARN_BOOL_CONVERSION = YES;
				CLANG_WARN_CONSTANT_CONVERSION = YES;
				CLANG_WARN_DIRECT_OBJC_ISA_USAGE = YES_ERROR;
				CLANG_WARN_DOCUMENTATION_COMMENTS = YES;
				CLANG_WARN_EMPTY_BODY = YES;
				CLANG_WARN_ENUM_CONVERSION = YES;
				CLANG_WARN_INFINITE_RECURSION = YES;
				CLANG_WARN_INT_CONVERSION = YES;
				CLANG_WARN_OBJC_ROOT_CLASS = YES_ERROR;
				CLANG_WARN_SUSPICIOUS_MOVE = YES;
				CLANG_WARN_UNREACHABLE_CODE = YES;
				CLANG_WARN__DUPLICATE_METHOD_MATCH = YES;
				"CODE_SIGN_IDENTITY[sdk=iphoneos*]" = "iPhone Developer";
				COPY_PHASE_STRIP = NO;
				DEBUG_INFORMATION_FORMAT = "dwarf-with-dsym";
				ENABLE_NS_ASSERTIONS = NO;
				ENABLE_STRICT_OBJC_MSGSEND = YES;
				GCC_C_LANGUAGE_STANDARD = gnu99;
				GCC_NO_COMMON_BLOCKS = YES;
				GCC_WARN_64_TO_32_BIT_CONVERSION = YES;
				GCC_WARN_ABOUT_RETURN_TYPE = YES_ERROR;
				GCC_WARN_UNDECLARED_SELECTOR = YES;
				GCC_WARN_UNINITIALIZED_AUTOS = YES_AGGRESSIVE;
				GCC_WARN_UNUSED_FUNCTION = YES;
				GCC_WARN_UNUSED_VARIABLE = YES;
				IPHONEOS_DEPLOYMENT_TARGET = 10.3;
				MTL_ENABLE_DEBUG_INFO = NO;
				SDKROOT = iphoneos;
				SWIFT_OPTIMIZATION_LEVEL = "-Owholemodule";
				TARGETED_DEVICE_FAMILY = "1,2";
				VALIDATE_PRODUCT = YES;
			};
			name = Release;
		};
		8C9C97261FC56C720015E0F3 /* Debug */ = {
			isa = XCBuildConfiguration;
			buildSettings = {
				ASSETCATALOG_COMPILER_APPICON_NAME = AppIcon;
				DEVELOPMENT_TEAM = LMNXHHZE26;
				INFOPLIST_FILE = PokeFinder/Info.plist;
				LD_RUNPATH_SEARCH_PATHS = "$(inherited) @executable_path/Frameworks";
				PRODUCT_BUNDLE_IDENTIFIER = henry.PokeFinder;
				PRODUCT_NAME = "$(TARGET_NAME)";
				SWIFT_VERSION = 3.0;
			};
			name = Debug;
		};
		8C9C97271FC56C720015E0F3 /* Release */ = {
			isa = XCBuildConfiguration;
			buildSettings = {
				ASSETCATALOG_COMPILER_APPICON_NAME = AppIcon;
				DEVELOPMENT_TEAM = LMNXHHZE26;
				INFOPLIST_FILE = PokeFinder/Info.plist;
				LD_RUNPATH_SEARCH_PATHS = "$(inherited) @executable_path/Frameworks";
				PRODUCT_BUNDLE_IDENTIFIER = henry.PokeFinder;
				PRODUCT_NAME = "$(TARGET_NAME)";
				SWIFT_VERSION = 3.0;
			};
			name = Release;
		};
		8C9C97291FC56C720015E0F3 /* Debug */ = {
			isa = XCBuildConfiguration;
			buildSettings = {
				ALWAYS_EMBED_SWIFT_STANDARD_LIBRARIES = YES;
				BUNDLE_LOADER = "$(TEST_HOST)";
				DEVELOPMENT_TEAM = LMNXHHZE26;
				INFOPLIST_FILE = PokeFinderTests/Info.plist;
				LD_RUNPATH_SEARCH_PATHS = "$(inherited) @executable_path/Frameworks @loader_path/Frameworks";
				PRODUCT_BUNDLE_IDENTIFIER = henry.PokeFinderTests;
				PRODUCT_NAME = "$(TARGET_NAME)";
				SWIFT_VERSION = 3.0;
				TEST_HOST = "$(BUILT_PRODUCTS_DIR)/PokeFinder.app/PokeFinder";
			};
			name = Debug;
		};
		8C9C972A1FC56C720015E0F3 /* Release */ = {
			isa = XCBuildConfiguration;
			buildSettings = {
				ALWAYS_EMBED_SWIFT_STANDARD_LIBRARIES = YES;
				BUNDLE_LOADER = "$(TEST_HOST)";
				DEVELOPMENT_TEAM = LMNXHHZE26;
				INFOPLIST_FILE = PokeFinderTests/Info.plist;
				LD_RUNPATH_SEARCH_PATHS = "$(inherited) @executable_path/Frameworks @loader_path/Frameworks";
				PRODUCT_BUNDLE_IDENTIFIER = henry.PokeFinderTests;
				PRODUCT_NAME = "$(TARGET_NAME)";
				SWIFT_VERSION = 3.0;
				TEST_HOST = "$(BUILT_PRODUCTS_DIR)/PokeFinder.app/PokeFinder";
			};
			name = Release;
		};
/* End XCBuildConfiguration section */

/* Begin XCConfigurationList section */
		8C9C97031FC56C720015E0F3 /* Build configuration list for PBXProject "PokeFinder" */ = {
			isa = XCConfigurationList;
			buildConfigurations = (
				8C9C97231FC56C720015E0F3 /* Debug */,
				8C9C97241FC56C720015E0F3 /* Release */,
			);
			defaultConfigurationIsVisible = 0;
			defaultConfigurationName = Release;
		};
		8C9C97251FC56C720015E0F3 /* Build configuration list for PBXNativeTarget "PokeFinder" */ = {
			isa = XCConfigurationList;
			buildConfigurations = (
				8C9C97261FC56C720015E0F3 /* Debug */,
				8C9C97271FC56C720015E0F3 /* Release */,
			);
			defaultConfigurationIsVisible = 0;
		};
		8C9C97281FC56C720015E0F3 /* Build configuration list for PBXNativeTarget "PokeFinderTests" */ = {
			isa = XCConfigurationList;
			buildConfigurations = (
				8C9C97291FC56C720015E0F3 /* Debug */,
				8C9C972A1FC56C720015E0F3 /* Release */,
			);
			defaultConfigurationIsVisible = 0;
		};
/* End XCConfigurationList section */
	};
	rootObject = 8C9C97001FC56C720015E0F3 /* Project object */;
}
